{
  "name": "impact_oracle",
  "version": "0.0.1",
  "lockfileVersion": 1,
  "requires": true,
  "dependencies": {
    "ztable": {
      "version": "1.0.7",
      "resolved": "https://registry.npmjs.org/ztable/-/ztable-1.0.7.tgz",
      "integrity": "sha512-jock8g1wqxu5tDMsXRyIm8nrUcBrmRQIH3o1yhxcndB4jazeqRve9ROvX3bDgH8wcoI/H1cwZua8grA661483A=="
    }
  }
}
